// !$*UTF8*$!
{
	archiveVersion = 1;
	classes = {
	};
	objectVersion = 46;
	objects = {

/* Begin PBXBuildFile section */
		B02928BF1D4841220016AC64 /* ContatosNoMapaViewController.m in Sources */ = {isa = PBXBuildFile; fileRef = B02928BD1D4841220016AC64 /* ContatosNoMapaViewController.m */; };
		B02928C01D4841220016AC64 /* ContatosNoMapaViewController.xib in Resources */ = {isa = PBXBuildFile; fileRef = B02928BE1D4841220016AC64 /* ContatosNoMapaViewController.xib */; };
		B02928C21D48421F0016AC64 /* MapKit.framework in Frameworks */ = {isa = PBXBuildFile; fileRef = B02928C11D48421F0016AC64 /* MapKit.framework */; };
		B0BDB4EE1D3EDEF1009003D6 /* Contato.m in Sources */ = {isa = PBXBuildFile; fileRef = B0BDB4ED1D3EDEF1009003D6 /* Contato.m */; };
		B0BDB4F11D3EF909009003D6 /* ContatoDAO.m in Sources */ = {isa = PBXBuildFile; fileRef = B0BDB4F01D3EF909009003D6 /* ContatoDAO.m */; };
		B0BDB4F41D3F0DC2009003D6 /* ListaContatosViewController.m in Sources */ = {isa = PBXBuildFile; fileRef = B0BDB4F31D3F0DC2009003D6 /* ListaContatosViewController.m */; };
		B0DB9BBA1D3D99FF0029762F /* main.m in Sources */ = {isa = PBXBuildFile; fileRef = B0DB9BB91D3D99FF0029762F /* main.m */; };
		B0DB9BBD1D3D99FF0029762F /* AppDelegate.m in Sources */ = {isa = PBXBuildFile; fileRef = B0DB9BBC1D3D99FF0029762F /* AppDelegate.m */; };
		B0DB9BC01D3D99FF0029762F /* FormularioContatoViewController.m in Sources */ = {isa = PBXBuildFile; fileRef = B0DB9BBF1D3D99FF0029762F /* FormularioContatoViewController.m */; };
		B0DB9BC31D3D99FF0029762F /* Main.storyboard in Resources */ = {isa = PBXBuildFile; fileRef = B0DB9BC11D3D99FF0029762F /* Main.storyboard */; };
		B0DB9BC61D3D99FF0029762F /* ContatosIP67.xcdatamodeld in Sources */ = {isa = PBXBuildFile; fileRef = B0DB9BC41D3D99FF0029762F /* ContatosIP67.xcdatamodeld */; };
		B0DB9BC81D3D99FF0029762F /* Assets.xcassets in Resources */ = {isa = PBXBuildFile; fileRef = B0DB9BC71D3D99FF0029762F /* Assets.xcassets */; };
		B0DB9BCB1D3D99FF0029762F /* LaunchScreen.storyboard in Resources */ = {isa = PBXBuildFile; fileRef = B0DB9BC91D3D99FF0029762F /* LaunchScreen.storyboard */; };
		B0F5D4951D46C72E00C52B34 /* GerenciadorDeAcoes.m in Sources */ = {isa = PBXBuildFile; fileRef = B0F5D4941D46C72E00C52B34 /* GerenciadorDeAcoes.m */; };
		B0F5D4971D46EE9E00C52B34 /* MessageUI.framework in Frameworks */ = {isa = PBXBuildFile; fileRef = B0F5D4961D46EE9E00C52B34 /* MessageUI.framework */; };
/* End PBXBuildFile section */

/* Begin PBXFileReference section */
		B02928BC1D4841220016AC64 /* ContatosNoMapaViewController.h */ = {isa = PBXFileReference; fileEncoding = 4; lastKnownFileType = sourcecode.c.h; path = ContatosNoMapaViewController.h; sourceTree = "<group>"; };
		B02928BD1D4841220016AC64 /* ContatosNoMapaViewController.m */ = {isa = PBXFileReference; fileEncoding = 4; lastKnownFileType = sourcecode.c.objc; path = ContatosNoMapaViewController.m; sourceTree = "<group>"; };
		B02928BE1D4841220016AC64 /* ContatosNoMapaViewController.xib */ = {isa = PBXFileReference; fileEncoding = 4; lastKnownFileType = file.xib; path = ContatosNoMapaViewController.xib; sourceTree = "<group>"; };
		B02928C11D48421F0016AC64 /* MapKit.framework */ = {isa = PBXFileReference; lastKnownFileType = wrapper.framework; name = MapKit.framework; path = System/Library/Frameworks/MapKit.framework; sourceTree = SDKROOT; };
		B0BDB4EC1D3EDEF1009003D6 /* Contato.h */ = {isa = PBXFileReference; fileEncoding = 4; lastKnownFileType = sourcecode.c.h; path = Contato.h; sourceTree = "<group>"; };
		B0BDB4ED1D3EDEF1009003D6 /* Contato.m */ = {isa = PBXFileReference; fileEncoding = 4; lastKnownFileType = sourcecode.c.objc; path = Contato.m; sourceTree = "<group>"; };
		B0BDB4EF1D3EF909009003D6 /* ContatoDAO.h */ = {isa = PBXFileReference; fileEncoding = 4; lastKnownFileType = sourcecode.c.h; path = ContatoDAO.h; sourceTree = "<group>"; };
		B0BDB4F01D3EF909009003D6 /* ContatoDAO.m */ = {isa = PBXFileReference; fileEncoding = 4; lastKnownFileType = sourcecode.c.objc; path = ContatoDAO.m; sourceTree = "<group>"; };
		B0BDB4F21D3F0DC2009003D6 /* ListaContatosViewController.h */ = {isa = PBXFileReference; fileEncoding = 4; lastKnownFileType = sourcecode.c.h; path = ListaContatosViewController.h; sourceTree = "<group>"; };
		B0BDB4F31D3F0DC2009003D6 /* ListaContatosViewController.m */ = {isa = PBXFileReference; fileEncoding = 4; lastKnownFileType = sourcecode.c.objc; path = ListaContatosViewController.m; sourceTree = "<group>"; };
		B0DB9BB51D3D99FF0029762F /* ContatosIP67.app */ = {isa = PBXFileReference; explicitFileType = wrapper.application; includeInIndex = 0; path = ContatosIP67.app; sourceTree = BUILT_PRODUCTS_DIR; };
		B0DB9BB91D3D99FF0029762F /* main.m */ = {isa = PBXFileReference; lastKnownFileType = sourcecode.c.objc; path = main.m; sourceTree = "<group>"; };
		B0DB9BBB1D3D99FF0029762F /* AppDelegate.h */ = {isa = PBXFileReference; lastKnownFileType = sourcecode.c.h; path = AppDelegate.h; sourceTree = "<group>"; };
		B0DB9BBC1D3D99FF0029762F /* AppDelegate.m */ = {isa = PBXFileReference; lastKnownFileType = sourcecode.c.objc; path = AppDelegate.m; sourceTree = "<group>"; };
		B0DB9BBE1D3D99FF0029762F /* FormularioContatoViewController.h */ = {isa = PBXFileReference; lastKnownFileType = sourcecode.c.h; path = FormularioContatoViewController.h; sourceTree = "<group>"; };
		B0DB9BBF1D3D99FF0029762F /* FormularioContatoViewController.m */ = {isa = PBXFileReference; lastKnownFileType = sourcecode.c.objc; path = FormularioContatoViewController.m; sourceTree = "<group>"; };
		B0DB9BC21D3D99FF0029762F /* Base */ = {isa = PBXFileReference; lastKnownFileType = file.storyboard; name = Base; path = Base.lproj/Main.storyboard; sourceTree = "<group>"; };
		B0DB9BC51D3D99FF0029762F /* ContatosIP67.xcdatamodel */ = {isa = PBXFileReference; lastKnownFileType = wrapper.xcdatamodel; path = ContatosIP67.xcdatamodel; sourceTree = "<group>"; };
		B0DB9BC71D3D99FF0029762F /* Assets.xcassets */ = {isa = PBXFileReference; lastKnownFileType = folder.assetcatalog; path = Assets.xcassets; sourceTree = "<group>"; };
		B0DB9BCA1D3D99FF0029762F /* Base */ = {isa = PBXFileReference; lastKnownFileType = file.storyboard; name = Base; path = Base.lproj/LaunchScreen.storyboard; sourceTree = "<group>"; };
		B0DB9BCC1D3D99FF0029762F /* Info.plist */ = {isa = PBXFileReference; lastKnownFileType = text.plist.xml; path = Info.plist; sourceTree = "<group>"; };
		B0F5D4931D46C72E00C52B34 /* GerenciadorDeAcoes.h */ = {isa = PBXFileReference; fileEncoding = 4; lastKnownFileType = sourcecode.c.h; path = GerenciadorDeAcoes.h; sourceTree = "<group>"; };
		B0F5D4941D46C72E00C52B34 /* GerenciadorDeAcoes.m */ = {isa = PBXFileReference; fileEncoding = 4; lastKnownFileType = sourcecode.c.objc; path = GerenciadorDeAcoes.m; sourceTree = "<group>"; };
		B0F5D4961D46EE9E00C52B34 /* MessageUI.framework */ = {isa = PBXFileReference; lastKnownFileType = wrapper.framework; name = MessageUI.framework; path = System/Library/Frameworks/MessageUI.framework; sourceTree = SDKROOT; };
/* End PBXFileReference section */

/* Begin PBXFrameworksBuildPhase section */
		B0DB9BB21D3D99FF0029762F /* Frameworks */ = {
			isa = PBXFrameworksBuildPhase;
			buildActionMask = 2147483647;
			files = (
				B02928C21D48421F0016AC64 /* MapKit.framework in Frameworks */,
				B0F5D4971D46EE9E00C52B34 /* MessageUI.framework in Frameworks */,
			);
			runOnlyForDeploymentPostprocessing = 0;
		};
/* End PBXFrameworksBuildPhase section */

/* Begin PBXGroup section */
		B0DB9BAC1D3D99FF0029762F = {
			isa = PBXGroup;
			children = (
				B02928C11D48421F0016AC64 /* MapKit.framework */,
				B0F5D4961D46EE9E00C52B34 /* MessageUI.framework */,
				B0DB9BB71D3D99FF0029762F /* ContatosIP67 */,
				B0DB9BB61D3D99FF0029762F /* Products */,
			);
			sourceTree = "<group>";
		};
		B0DB9BB61D3D99FF0029762F /* Products */ = {
			isa = PBXGroup;
			children = (
				B0DB9BB51D3D99FF0029762F /* ContatosIP67.app */,
			);
			name = Products;
			sourceTree = "<group>";
		};
		B0DB9BB71D3D99FF0029762F /* ContatosIP67 */ = {
			isa = PBXGroup;
			children = (
				B0DB9BBB1D3D99FF0029762F /* AppDelegate.h */,
				B0DB9BBC1D3D99FF0029762F /* AppDelegate.m */,
				B0DB9BC71D3D99FF0029762F /* Assets.xcassets */,
				B0BDB4EC1D3EDEF1009003D6 /* Contato.h */,
				B0BDB4ED1D3EDEF1009003D6 /* Contato.m */,
				B0BDB4EF1D3EF909009003D6 /* ContatoDAO.h */,
				B0BDB4F01D3EF909009003D6 /* ContatoDAO.m */,
				B0DB9BC41D3D99FF0029762F /* ContatosIP67.xcdatamodeld */,
				B02928BC1D4841220016AC64 /* ContatosNoMapaViewController.h */,
				B02928BD1D4841220016AC64 /* ContatosNoMapaViewController.m */,
				B02928BE1D4841220016AC64 /* ContatosNoMapaViewController.xib */,
				B0DB9BBE1D3D99FF0029762F /* FormularioContatoViewController.h */,
				B0DB9BBF1D3D99FF0029762F /* FormularioContatoViewController.m */,
				B0F5D4931D46C72E00C52B34 /* GerenciadorDeAcoes.h */,
				B0F5D4941D46C72E00C52B34 /* GerenciadorDeAcoes.m */,
				B0DB9BCC1D3D99FF0029762F /* Info.plist */,
				B0DB9BC91D3D99FF0029762F /* LaunchScreen.storyboard */,
				B0BDB4F21D3F0DC2009003D6 /* ListaContatosViewController.h */,
				B0BDB4F31D3F0DC2009003D6 /* ListaContatosViewController.m */,
				B0DB9BC11D3D99FF0029762F /* Main.storyboard */,
				B0DB9BB81D3D99FF0029762F /* Supporting Files */,
			);
			path = ContatosIP67;
			sourceTree = "<group>";
		};
		B0DB9BB81D3D99FF0029762F /* Supporting Files */ = {
			isa = PBXGroup;
			children = (
				B0DB9BB91D3D99FF0029762F /* main.m */,
			);
			name = "Supporting Files";
			sourceTree = "<group>";
		};
/* End PBXGroup section */

/* Begin PBXNativeTarget section */
		B0DB9BB41D3D99FF0029762F /* ContatosIP67 */ = {
			isa = PBXNativeTarget;
			buildConfigurationList = B0DB9BCF1D3D99FF0029762F /* Build configuration list for PBXNativeTarget "ContatosIP67" */;
			buildPhases = (
				B0DB9BB11D3D99FF0029762F /* Sources */,
				B0DB9BB21D3D99FF0029762F /* Frameworks */,
				B0DB9BB31D3D99FF0029762F /* Resources */,
			);
			buildRules = (
			);
			dependencies = (
			);
			name = ContatosIP67;
			productName = ContatosIP67;
			productReference = B0DB9BB51D3D99FF0029762F /* ContatosIP67.app */;
			productType = "com.apple.product-type.application";
		};
/* End PBXNativeTarget section */

/* Begin PBXProject section */
		B0DB9BAD1D3D99FF0029762F /* Project object */ = {
			isa = PBXProject;
			attributes = {
				LastUpgradeCheck = 0710;
				ORGANIZATIONNAME = Caelum;
				TargetAttributes = {
					B0DB9BB41D3D99FF0029762F = {
						CreatedOnToolsVersion = 7.1;
					};
				};
			};
			buildConfigurationList = B0DB9BB01D3D99FF0029762F /* Build configuration list for PBXProject "ContatosIP67" */;
			compatibilityVersion = "Xcode 3.2";
			developmentRegion = English;
			hasScannedForEncodings = 0;
			knownRegions = (
				en,
				Base,
			);
			mainGroup = B0DB9BAC1D3D99FF0029762F;
			productRefGroup = B0DB9BB61D3D99FF0029762F /* Products */;
			projectDirPath = "";
			projectRoot = "";
			targets = (
				B0DB9BB41D3D99FF0029762F /* ContatosIP67 */,
			);
		};
/* End PBXProject section */

/* Begin PBXResourcesBuildPhase section */
		B0DB9BB31D3D99FF0029762F /* Resources */ = {
			isa = PBXResourcesBuildPhase;
			buildActionMask = 2147483647;
			files = (
				B0DB9BCB1D3D99FF0029762F /* LaunchScreen.storyboard in Resources */,
				B0DB9BC81D3D99FF0029762F /* Assets.xcassets in Resources */,
				B02928C01D4841220016AC64 /* ContatosNoMapaViewController.xib in Resources */,
				B0DB9BC31D3D99FF0029762F /* Main.storyboard in Resources */,
			);
			runOnlyForDeploymentPostprocessing = 0;
		};
/* End PBXResourcesBuildPhase section */

/* Begin PBXSourcesBuildPhase section */
		B0DB9BB11D3D99FF0029762F /* Sources */ = {
			isa = PBXSourcesBuildPhase;
			buildActionMask = 2147483647;
			files = (
				B0BDB4EE1D3EDEF1009003D6 /* Contato.m in Sources */,
				B0DB9BC01D3D99FF0029762F /* FormularioContatoViewController.m in Sources */,
				B0BDB4F41D3F0DC2009003D6 /* ListaContatosViewController.m in Sources */,
				B0DB9BBD1D3D99FF0029762F /* AppDelegate.m in Sources */,
				B0BDB4F11D3EF909009003D6 /* ContatoDAO.m in Sources */,
				B0DB9BC61D3D99FF0029762F /* ContatosIP67.xcdatamodeld in Sources */,
				B0F5D4951D46C72E00C52B34 /* GerenciadorDeAcoes.m in Sources */,
				B02928BF1D4841220016AC64 /* ContatosNoMapaViewController.m in Sources */,
				B0DB9BBA1D3D99FF0029762F /* main.m in Sources */,
			);
			runOnlyForDeploymentPostprocessing = 0;
		};
/* End PBXSourcesBuildPhase section */

/* Begin PBXVariantGroup section */
		B0DB9BC11D3D99FF0029762F /* Main.storyboard */ = {
			isa = PBXVariantGroup;
			children = (
				B0DB9BC21D3D99FF0029762F /* Base */,
			);
			name = Main.storyboard;
			sourceTree = "<group>";
		};
		B0DB9BC91D3D99FF0029762F /* LaunchScreen.storyboard */ = {
			isa = PBXVariantGroup;
			children = (
				B0DB9BCA1D3D99FF0029762F /* Base */,
			);
			name = LaunchScreen.storyboard;
			sourceTree = "<group>";
		};
/* End PBXVariantGroup section */

/* Begin XCBuildConfiguration section */
		B0DB9BCD1D3D99FF0029762F /* Debug */ = {
			isa = XCBuildConfiguration;
			buildSettings = {
				ALWAYS_SEARCH_USER_PATHS = NO;
				CLANG_CXX_LANGUAGE_STANDARD = "gnu++0x";
				CLANG_CXX_LIBRARY = "libc++";
				CLANG_ENABLE_MODULES = YES;
				CLANG_ENABLE_OBJC_ARC = YES;
				CLANG_WARN_BOOL_CONVERSION = YES;
				CLANG_WARN_CONSTANT_CONVERSION = YES;
				CLANG_WARN_DIRECT_OBJC_ISA_USAGE = YES_ERROR;
				CLANG_WARN_EMPTY_BODY = YES;
				CLANG_WARN_ENUM_CONVERSION = YES;
				CLANG_WARN_INT_CONVERSION = YES;
				CLANG_WARN_OBJC_ROOT_CLASS = YES_ERROR;
				CLANG_WARN_UNREACHABLE_CODE = YES;
				CLANG_WARN__DUPLICATE_METHOD_MATCH = YES;
				"CODE_SIGN_IDENTITY[sdk=iphoneos*]" = "iPhone Developer";
				COPY_PHASE_STRIP = NO;
				DEBUG_INFORMATION_FORMAT = dwarf;
				ENABLE_STRICT_OBJC_MSGSEND = YES;
				ENABLE_TESTABILITY = YES;
				GCC_C_LANGUAGE_STANDARD = gnu99;
				GCC_DYNAMIC_NO_PIC = NO;
				GCC_NO_COMMON_BLOCKS = YES;
				GCC_OPTIMIZATION_LEVEL = 0;
				GCC_PREPROCESSOR_DEFINITIONS = (
					"DEBUG=1",
					"$(inherited)",
				);
				GCC_WARN_64_TO_32_BIT_CONVERSION = YES;
				GCC_WARN_ABOUT_RETURN_TYPE = YES_ERROR;
				GCC_WARN_UNDECLARED_SELECTOR = YES;
				GCC_WARN_UNINITIALIZED_AUTOS = YES_AGGRESSIVE;
				GCC_WARN_UNUSED_FUNCTION = YES;
				GCC_WARN_UNUSED_VARIABLE = YES;
				IPHONEOS_DEPLOYMENT_TARGET = 9.1;
				MTL_ENABLE_DEBUG_INFO = YES;
				ONLY_ACTIVE_ARCH = YES;
				SDKROOT = iphoneos;
			};
			name = Debug;
		};
		B0DB9BCE1D3D99FF0029762F /* Release */ = {
			isa = XCBuildConfiguration;
			buildSettings = {
				ALWAYS_SEARCH_USER_PATHS = NO;
				CLANG_CXX_LANGUAGE_STANDARD = "gnu++0x";
				CLANG_CXX_LIBRARY = "libc++";
				CLANG_ENABLE_MODULES = YES;
				CLANG_ENABLE_OBJC_ARC = YES;
				CLANG_WARN_BOOL_CONVERSION = YES;
				CLANG_WARN_CONSTANT_CONVERSION = YES;
				CLANG_WARN_DIRECT_OBJC_ISA_USAGE = YES_ERROR;
				CLANG_WARN_EMPTY_BODY = YES;
				CLANG_WARN_ENUM_CONVERSION = YES;
				CLANG_WARN_INT_CONVERSION = YES;
				CLANG_WARN_OBJC_ROOT_CLASS = YES_ERROR;
				CLANG_WARN_UNREACHABLE_CODE = YES;
				CLANG_WARN__DUPLICATE_METHOD_MATCH = YES;
				"CODE_SIGN_IDENTITY[sdk=iphoneos*]" = "iPhone Developer";
				COPY_PHASE_STRIP = NO;
				DEBUG_INFORMATION_FORMAT = "dwarf-with-dsym";
				ENABLE_NS_ASSERTIONS = NO;
				ENABLE_STRICT_OBJC_MSGSEND = YES;
				GCC_C_LANGUAGE_STANDARD = gnu99;
				GCC_NO_COMMON_BLOCKS = YES;
				GCC_WARN_64_TO_32_BIT_CONVERSION = YES;
				GCC_WARN_ABOUT_RETURN_TYPE = YES_ERROR;
				GCC_WARN_UNDECLARED_SELECTOR = YES;
				GCC_WARN_UNINITIALIZED_AUTOS = YES_AGGRESSIVE;
				GCC_WARN_UNUSED_FUNCTION = YES;
				GCC_WARN_UNUSED_VARIABLE = YES;
				IPHONEOS_DEPLOYMENT_TARGET = 9.1;
				MTL_ENABLE_DEBUG_INFO = NO;
				SDKROOT = iphoneos;
				VALIDATE_PRODUCT = YES;
			};
			name = Release;
		};
		B0DB9BD01D3D99FF0029762F /* Debug */ = {
			isa = XCBuildConfiguration;
			buildSettings = {
				ASSETCATALOG_COMPILER_APPICON_NAME = AppIcon;
				INFOPLIST_FILE = ContatosIP67/Info.plist;
				LD_RUNPATH_SEARCH_PATHS = "$(inherited) @executable_path/Frameworks";
				PRODUCT_BUNDLE_IDENTIFIER = br.com.caelum.ContatosIP67;
				PRODUCT_NAME = "$(TARGET_NAME)";
			};
			name = Debug;
		};
		B0DB9BD11D3D99FF0029762F /* Release */ = {
			isa = XCBuildConfiguration;
			buildSettings = {
				ASSETCATALOG_COMPILER_APPICON_NAME = AppIcon;
				INFOPLIST_FILE = ContatosIP67/Info.plist;
				LD_RUNPATH_SEARCH_PATHS = "$(inherited) @executable_path/Frameworks";
				PRODUCT_BUNDLE_IDENTIFIER = br.com.caelum.ContatosIP67;
				PRODUCT_NAME = "$(TARGET_NAME)";
			};
			name = Release;
		};
/* End XCBuildConfiguration section */

/* Begin XCConfigurationList section */
		B0DB9BB01D3D99FF0029762F /* Build configuration list for PBXProject "ContatosIP67" */ = {
			isa = XCConfigurationList;
			buildConfigurations = (
				B0DB9BCD1D3D99FF0029762F /* Debug */,
				B0DB9BCE1D3D99FF0029762F /* Release */,
			);
			defaultConfigurationIsVisible = 0;
			defaultConfigurationName = Release;
		};
		B0DB9BCF1D3D99FF0029762F /* Build configuration list for PBXNativeTarget "ContatosIP67" */ = {
			isa = XCConfigurationList;
			buildConfigurations = (
				B0DB9BD01D3D99FF0029762F /* Debug */,
				B0DB9BD11D3D99FF0029762F /* Release */,
			);
			defaultConfigurationIsVisible = 0;
			defaultConfigurationName = Release;
		};
/* End XCConfigurationList section */

/* Begin XCVersionGroup section */
		B0DB9BC41D3D99FF0029762F /* ContatosIP67.xcdatamodeld */ = {
			isa = XCVersionGroup;
			children = (
				B0DB9BC51D3D99FF0029762F /* ContatosIP67.xcdatamodel */,
			);
			currentVersion = B0DB9BC51D3D99FF0029762F /* ContatosIP67.xcdatamodel */;
			path = ContatosIP67.xcdatamodeld;
			sourceTree = "<group>";
			versionGroupType = wrapper.xcdatamodel;
		};
/* End XCVersionGroup section */
	};
	rootObject = B0DB9BAD1D3D99FF0029762F /* Project object */;
}
